
Microsoft Visual Studio Solution File, Format Version 11.00
# Visual Studio 2010
Project("{FAE04EC0-301F-11D3-BF4B-00C04F79EFBC}") = "Oculus.Platform", "Oculus.Platform.csproj", "{76103011-b69e-cae0-fce8-c94c6472697b}"
EndProject
Project("{FAE04EC0-301F-11D3-BF4B-00C04F79EFBC}") = "Assembly-CSharp", "Assembly-CSharp.csproj", "{1c969685-358f-7f4d-8d2c-402de47495f9}"
EndProject
Project("{FAE04EC0-301F-11D3-BF4B-00C04F79EFBC}") = "Oculus.VR", "Oculus.VR.csproj", "{0fe5e0fd-3ae7-d69c-b18e-243518fe6b1f}"
EndProject
Project("{FAE04EC0-301F-11D3-BF4B-00C04F79EFBC}") = "Oculus.LipSync", "Oculus.LipSync.csproj", "{95aa9748-ba45-d221-eff0-0e54e5b218ab}"
EndProject
Project("{FAE04EC0-301F-11D3-BF4B-00C04F79EFBC}") = "Oculus.Platform.Editor", "Oculus.Platform.Editor.csproj", "{30524a8d-d56f-96c4-2a66-b87905ee0d3a}"
EndProject
Project("{FAE04EC0-301F-11D3-BF4B-00C04F79EFBC}") = "Assembly-CSharp-Editor", "Assembly-CSharp-Editor.csproj", "{7d198153-e0fa-cea4-bb91-a199c0aad497}"
EndProject
Project("{FAE04EC0-301F-11D3-BF4B-00C04F79EFBC}") = "Oculus.VR.Editor", "Oculus.VR.Editor.csproj", "{7fbe5490-a8ac-634b-5d16-000af2414ff0}"
EndProject
Project("{FAE04EC0-301F-11D3-BF4B-00C04F79EFBC}") = "Oculus.LipSync.Editor", "Oculus.LipSync.Editor.csproj", "{fbb7c63a-823f-b857-6742-a0964d98faf7}"
EndProject
Project("{FAE04EC0-301F-11D3-BF4B-00C04F79EFBC}") = "Oculus.VR.Scripts.Editor", "Oculus.VR.Scripts.Editor.csproj", "{4d426bc0-563c-1dde-351a-e1ffcca3335b}"
EndProject
Global
	GlobalSection(SolutionConfigurationPlatforms) = preSolution
		Debug|Any CPU = Debug|Any CPU
		Release|Any CPU = Release|Any CPU
	EndGlobalSection
	GlobalSection(ProjectConfigurationPlatforms) = postSolution
		{76103011-b69e-cae0-fce8-c94c6472697b}.Debug|Any CPU.ActiveCfg = Debug|Any CPU
		{76103011-b69e-cae0-fce8-c94c6472697b}.Debug|Any CPU.Build.0 = Debug|Any CPU
		{76103011-b69e-cae0-fce8-c94c6472697b}.Release|Any CPU.ActiveCfg = Release|Any CPU
		{76103011-b69e-cae0-fce8-c94c6472697b}.Release|Any CPU.Build.0 = Release|Any CPU
		{1c969685-358f-7f4d-8d2c-402de47495f9}.Debug|Any CPU.ActiveCfg = Debug|Any CPU
		{1c969685-358f-7f4d-8d2c-402de47495f9}.Debug|Any CPU.Build.0 = Debug|Any CPU
		{1c969685-358f-7f4d-8d2c-402de47495f9}.Release|Any CPU.ActiveCfg = Release|Any CPU
		{1c969685-358f-7f4d-8d2c-402de47495f9}.Release|Any CPU.Build.0 = Release|Any CPU
		{0fe5e0fd-3ae7-d69c-b18e-243518fe6b1f}.Debug|Any CPU.ActiveCfg = Debug|Any CPU
		{0fe5e0fd-3ae7-d69c-b18e-243518fe6b1f}.Debug|Any CPU.Build.0 = Debug|Any CPU
		{0fe5e0fd-3ae7-d69c-b18e-243518fe6b1f}.Release|Any CPU.ActiveCfg = Release|Any CPU
		{0fe5e0fd-3ae7-d69c-b18e-243518fe6b1f}.Release|Any CPU.Build.0 = Release|Any CPU
		{95aa9748-ba45-d221-eff0-0e54e5b218ab}.Debug|Any CPU.ActiveCfg = Debug|Any CPU
		{95aa9748-ba45-d221-eff0-0e54e5b218ab}.Debug|Any CPU.Build.0 = Debug|Any CPU
		{95aa9748-ba45-d221-eff0-0e54e5b218ab}.Release|Any CPU.ActiveCfg = Release|Any CPU
		{95aa9748-ba45-d221-eff0-0e54e5b218ab}.Release|Any CPU.Build.0 = Release|Any CPU
		{30524a8d-d56f-96c4-2a66-b87905ee0d3a}.Debug|Any CPU.ActiveCfg = Debug|Any CPU
		{30524a8d-d56f-96c4-2a66-b87905ee0d3a}.Debug|Any CPU.Build.0 = Debug|Any CPU
		{30524a8d-d56f-96c4-2a66-b87905ee0d3a}.Release|Any CPU.ActiveCfg = Release|Any CPU
		{30524a8d-d56f-96c4-2a66-b87905ee0d3a}.Release|Any CPU.Build.0 = Release|Any CPU
		{7d198153-e0fa-cea4-bb91-a199c0aad497}.Debug|Any CPU.ActiveCfg = Debug|Any CPU
		{7d198153-e0fa-cea4-bb91-a199c0aad497}.Debug|Any CPU.Build.0 = Debug|Any CPU
		{7d198153-e0fa-cea4-bb91-a199c0aad497}.Release|Any CPU.ActiveCfg = Release|Any CPU
		{7d198153-e0fa-cea4-bb91-a199c0aad497}.Release|Any CPU.Build.0 = Release|Any CPU
		{7fbe5490-a8ac-634b-5d16-000af2414ff0}.Debug|Any CPU.ActiveCfg = Debug|Any CPU
		{7fbe5490-a8ac-634b-5d16-000af2414ff0}.Debug|Any CPU.Build.0 = Debug|Any CPU
		{7fbe5490-a8ac-634b-5d16-000af2414ff0}.Release|Any CPU.ActiveCfg = Release|Any CPU
		{7fbe5490-a8ac-634b-5d16-000af2414ff0}.Release|Any CPU.Build.0 = Release|Any CPU
		{fbb7c63a-823f-b857-6742-a0964d98faf7}.Debug|Any CPU.ActiveCfg = Debug|Any CPU
		{fbb7c63a-823f-b857-6742-a0964d98faf7}.Debug|Any CPU.Build.0 = Debug|Any CPU
		{fbb7c63a-823f-b857-6742-a0964d98faf7}.Release|Any CPU.ActiveCfg = Release|Any CPU
		{fbb7c63a-823f-b857-6742-a0964d98faf7}.Release|Any CPU.Build.0 = Release|Any CPU
		{4d426bc0-563c-1dde-351a-e1ffcca3335b}.Debug|Any CPU.ActiveCfg = Debug|Any CPU
		{4d426bc0-563c-1dde-351a-e1ffcca3335b}.Debug|Any CPU.Build.0 = Debug|Any CPU
		{4d426bc0-563c-1dde-351a-e1ffcca3335b}.Release|Any CPU.ActiveCfg = Release|Any CPU
		{4d426bc0-563c-1dde-351a-e1ffcca3335b}.Release|Any CPU.Build.0 = Release|Any CPU
	EndGlobalSection
	GlobalSection(SolutionProperties) = preSolution
		HideSolutionNode = FALSE
	EndGlobalSection
EndGlobal
